
Microsoft Visual Studio Solution File, Format Version 12.00
# Visual Studio 15
VisualStudioVersion = 15.0.26730.8
MinimumVisualStudioVersion = 10.0.40219.1
Project("{FAE04EC0-301F-11D3-BF4B-00C04F79EFBC}") = "Encrypt Decrypt v1 snpl", "Encrypt Decrypt v1 snpl\Encrypt Decrypt v1 snpl.csproj", "{6EDE660A-19F6-4D17-89A1-B7301090C4B0}"
EndProject
Global
	GlobalSection(SolutionConfigurationPlatforms) = preSolution
		Debug|Any CPU = Debug|Any CPU
		Release|Any CPU = Release|Any CPU
	EndGlobalSection
	GlobalSection(ProjectConfigurationPlatforms) = postSolution
		{6EDE660A-19F6-4D17-89A1-B7301090C4B0}.Debug|Any CPU.ActiveCfg = Debug|Any CPU
		{6EDE660A-19F6-4D17-89A1-B7301090C4B0}.Debug|Any CPU.Build.0 = Debug|Any CPU
		{6EDE660A-19F6-4D17-89A1-B7301090C4B0}.Release|Any CPU.ActiveCfg = Release|Any CPU
		{6EDE660A-19F6-4D17-89A1-B7301090C4B0}.Release|Any CPU.Build.0 = Release|Any CPU
	EndGlobalSection
	GlobalSection(SolutionProperties) = preSolution
		HideSolutionNode = FALSE
	EndGlobalSection
	GlobalSection(ExtensibilityGlobals) = postSolution
		SolutionGuid = {9B78A037-49E5-4027-B338-33BE623AC7E3}
	EndGlobalSection
EndGlobal
